// !$*UTF8*$!
{
	archiveVersion = 1;
	classes = {
	};
	objectVersion = 110;
	objects = {

/* Begin PBXBuildFile section */
		5D1DE0000000000000000006 /* StrideKit in Frameworks */ = {isa = PBXBuildFile; productRef = 5D1DE0000000000000000002 /* StrideKit */; };
		5D1DE0000000000000000007 /* StrideUI in Frameworks */ = {isa = PBXBuildFile; productRef = 5D1DE0000000000000000003 /* StrideUI */; };
		5D1DE0000000000000000008 /* StrideKit in Frameworks */ = {isa = PBXBuildFile; productRef = 5D1DE0000000000000000004 /* StrideKit */; };
		5D1DE0000000000000000009 /* StrideUI in Frameworks */ = {isa = PBXBuildFile; productRef = 5D1DE0000000000000000005 /* StrideUI */; };
		8372DA773065F74800F97B11 /* StrideWatch.app in Embed Watch Content */ = {isa = PBXBuildFile; fileRef = 8372DA6D3065F74500F97B11 /* StrideWatch.app */; settings = {ATTRIBUTES = (RemoveHeadersOnCopy, ); }; };
/* End PBXBuildFile section */

/* Begin PBXContainerItemProxy section */
		8372DA753065F74800F97B11 /* PBXContainerItemProxy */ = {
			isa = PBXContainerItemProxy;
			containerPortal = 8372DA533065F68700F97B11 /* Project object */;
			proxyType = 1;
			remoteGlobalIDString = 8372DA6C3065F74500F97B11;
			remoteInfo = StrideWatch;
		};
/* End PBXContainerItemProxy section */

/* Begin PBXCopyFilesBuildPhase section */
		8372DA7B3065F74800F97B11 /* Embed Watch Content */ = {
			isa = PBXCopyFilesBuildPhase;
			dstPath = "$(CONTENTS_FOLDER_PATH)/Watch";
			dstSubfolder = Product;
			files = (
				8372DA773065F74800F97B11 /* StrideWatch.app in Embed Watch Content */,
			);
			name = "Embed Watch Content";
		};
/* End PBXCopyFilesBuildPhase section */

/* Begin PBXFileReference section */
		8372DA5B3065F68700F97B11 /* Stride.app */ = {isa = PBXFileReference; explicitFileType = wrapper.application; includeInIndex = 0; path = Stride.app; sourceTree = BUILT_PRODUCTS_DIR; };
		8372DA6D3065F74500F97B11 /* StrideWatch.app */ = {isa = PBXFileReference; explicitFileType = wrapper.application; includeInIndex = 0; path = StrideWatch.app; sourceTree = BUILT_PRODUCTS_DIR; };
/* End PBXFileReference section */

/* Begin PBXFileSystemSynchronizedRootGroup section */
		8372DA5D3065F68700F97B11 /* Stride */ = {
			isa = PBXFileSystemSynchronizedRootGroup;
			path = Stride;
			sourceTree = "<group>";
		};
		8372DA6E3065F74500F97B11 /* StrideWatch */ = {
			isa = PBXFileSystemSynchronizedRootGroup;
			path = StrideWatch;
			sourceTree = "<group>";
		};
/* End PBXFileSystemSynchronizedRootGroup section */

/* Begin PBXFrameworksBuildPhase section */
		8372DA583065F68700F97B11 /* Frameworks */ = {
			isa = PBXFrameworksBuildPhase;
			files = (
				5D1DE0000000000000000006 /* StrideKit in Frameworks */,
				5D1DE0000000000000000007 /* StrideUI in Frameworks */,
			);
		};
		8372DA6A3065F74500F97B11 /* Frameworks */ = {
			isa = PBXFrameworksBuildPhase;
			files = (
				5D1DE0000000000000000008 /* StrideKit in Frameworks */,
				5D1DE0000000000000000009 /* StrideUI in Frameworks */,
			);
		};
/* End PBXFrameworksBuildPhase section */

/* Begin PBXGroup section */
		8372DA523065F68700F97B11 = {
			isa = PBXGroup;
			children = (
				8372DA5D3065F68700F97B11 /* Stride */,
				8372DA6E3065F74500F97B11 /* StrideWatch */,
				8372DA5C3065F68700F97B11 /* Products */,
			);
			sourceTree = "<group>";
		};
		8372DA5C3065F68700F97B11 /* Products */ = {
			isa = PBXGroup;
			children = (
				8372DA5B3065F68700F97B11 /* Stride.app */,
				8372DA6D3065F74500F97B11 /* StrideWatch.app */,
			);
			name = Products;
			sourceTree = "<group>";
		};
/* End PBXGroup section */

/* Begin PBXNativeTarget section */
		8372DA5A3065F68700F97B11 /* Stride */ = {
			isa = PBXNativeTarget;
			buildConfigurationList = 8372DA663065F68900F97B11 /* Build configuration list for PBXNativeTarget "Stride" */;
			buildPhases = (
				8372DA573065F68700F97B11 /* Sources */,
				8372DA583065F68700F97B11 /* Frameworks */,
				8372DA593065F68700F97B11 /* Resources */,
				8372DA7B3065F74800F97B11 /* Embed Watch Content */,
			);
			buildRules = (
			);
			dependencies = (
				8372DA763065F74800F97B11 /* PBXTargetDependency */,
			);
			fileSystemSynchronizedGroups = (
				8372DA5D3065F68700F97B11 /* Stride */,
			);
			name = Stride;
			packageProductDependencies = (
				5D1DE0000000000000000002 /* StrideKit */,
				5D1DE0000000000000000003 /* StrideUI */,
			);
			productName = Stride;
			productReference = 8372DA5B3065F68700F97B11 /* Stride.app */;
			productType = "com.apple.product-type.application";
		};
		8372DA6C3065F74500F97B11 /* StrideWatch */ = {
			isa = PBXNativeTarget;
			buildConfigurationList = 8372DA783065F74800F97B11 /* Build configuration list for PBXNativeTarget "StrideWatch" */;
			buildPhases = (
				8372DA693065F74500F97B11 /* Sources */,
				8372DA6A3065F74500F97B11 /* Frameworks */,
				8372DA6B3065F74500F97B11 /* Resources */,
			);
			buildRules = (
			);
			fileSystemSynchronizedGroups = (
				8372DA6E3065F74500F97B11 /* StrideWatch */,
			);
			name = StrideWatch;
			packageProductDependencies = (
				5D1DE0000000000000000004 /* StrideKit */,
				5D1DE0000000000000000005 /* StrideUI */,
			);
			productName = StrideWatch;
			productReference = 8372DA6D3065F74500F97B11 /* StrideWatch.app */;
			productType = "com.apple.product-type.application";
		};
/* End PBXNativeTarget section */

/* Begin PBXProject section */
		8372DA533065F68700F97B11 /* Project object */ = {
			isa = PBXProject;
			attributes = {
				BuildIndependentTargetsInParallel = 1;
				LastSwiftUpdateCheck = 2700;
				LastUpgradeCheck = 2700;
				TargetAttributes = {
					8372DA5A3065F68700F97B11 = {
						CreatedOnToolsVersion = 27.0;
					};
					8372DA6C3065F74500F97B11 = {
						CreatedOnToolsVersion = 27.0;
					};
				};
			};
			buildConfigurationList = 8372DA563065F68700F97B11 /* Build configuration list for PBXProject "Stride" */;
			developmentRegion = en;
			hasScannedForEncodings = 0;
			knownRegions = (
				en,
				Base,
			);
			mainGroup = 8372DA523065F68700F97B11;
			minimizedProjectReferenceProxies = 1;
			packageReferences = (
				5D1DE0000000000000000001 /* XCLocalSwiftPackageReference "../StrideKit" */,
			);
			preferredProjectObjectVersion = 77;
			productRefGroup = 8372DA5C3065F68700F97B11 /* Products */;
			projectDirPath = "";
			projectRoot = "";
			targets = (
				8372DA5A3065F68700F97B11 /* Stride */,
				8372DA6C3065F74500F97B11 /* StrideWatch */,
			);
		};
/* End PBXProject section */

/* Begin PBXResourcesBuildPhase section */
		8372DA593065F68700F97B11 /* Resources */ = {
			isa = PBXResourcesBuildPhase;
			files = (
			);
		};
		8372DA6B3065F74500F97B11 /* Resources */ = {
			isa = PBXResourcesBuildPhase;
			files = (
			);
		};
/* End PBXResourcesBuildPhase section */

/* Begin PBXSourcesBuildPhase section */
		8372DA573065F68700F97B11 /* Sources */ = {
			isa = PBXSourcesBuildPhase;
			files = (
			);
		};
		8372DA693065F74500F97B11 /* Sources */ = {
			isa = PBXSourcesBuildPhase;
			files = (
			);
		};
/* End PBXSourcesBuildPhase section */

/* Begin PBXTargetDependency section */
		8372DA763065F74800F97B11 /* PBXTargetDependency */ = {
			isa = PBXTargetDependency;
			target = 8372DA6C3065F74500F97B11 /* StrideWatch */;
			targetProxy = 8372DA753065F74800F97B11 /* PBXContainerItemProxy */;
		};
/* End PBXTargetDependency section */

/* Begin XCBuildConfiguration section */
		8372DA643065F68900F97B11 /* Debug configuration for PBXProject "Stride" */ = {
			isa = XCBuildConfiguration;
			buildSettings = {
				ALWAYS_SEARCH_USER_PATHS = NO;
				ASSETCATALOG_COMPILER_GENERATE_SWIFT_ASSET_SYMBOL_EXTENSIONS = YES;
				CLANG_ANALYZER_NONNULL = YES;
				CLANG_ANALYZER_NUMBER_OBJECT_CONVERSION = YES_AGGRESSIVE;
				CLANG_CXX_LANGUAGE_STANDARD = "gnu++20";
				CLANG_ENABLE_MODULES = YES;
				CLANG_ENABLE_OBJC_ARC = YES;
				CLANG_ENABLE_OBJC_WEAK = YES;
				CLANG_WARN_BLOCK_CAPTURE_AUTORELEASING = YES;
				CLANG_WARN_BOOL_CONVERSION = YES;
				CLANG_WARN_COMMA = YES;
				CLANG_WARN_CONSTANT_CONVERSION = YES;
				CLANG_WARN_DEPRECATED_OBJC_IMPLEMENTATIONS = YES;
				CLANG_WARN_DIRECT_OBJC_ISA_USAGE = YES_ERROR;
				CLANG_WARN_DOCUMENTATION_COMMENTS = YES;
				CLANG_WARN_EMPTY_BODY = YES;
				CLANG_WARN_ENUM_CONVERSION = YES;
				CLANG_WARN_INFINITE_RECURSION = YES;
				CLANG_WARN_INT_CONVERSION = YES;
				CLANG_WARN_NON_LITERAL_NULL_CONVERSION = YES;
				CLANG_WARN_OBJC_IMPLICIT_RETAIN_SELF = YES;
				CLANG_WARN_OBJC_LITERAL_CONVERSION = YES;
				CLANG_WARN_OBJC_ROOT_CLASS = YES_ERROR;
				CLANG_WARN_QUOTED_INCLUDE_IN_FRAMEWORK_HEADER = YES;
				CLANG_WARN_RANGE_LOOP_ANALYSIS = YES;
				CLANG_WARN_STRICT_PROTOTYPES = YES;
				CLANG_WARN_SUSPICIOUS_MOVE = YES;
				CLANG_WARN_UNGUARDED_AVAILABILITY = YES_AGGRESSIVE;
				CLANG_WARN_UNREACHABLE_CODE = YES;
				CLANG_WARN__DUPLICATE_METHOD_MATCH = YES;
				COPY_PHASE_STRIP = NO;
				DEBUG_INFORMATION_FORMAT = dwarf;
				DEVELOPMENT_TEAM = 968FPR7Y35;
				ENABLE_STRICT_OBJC_MSGSEND = YES;
				ENABLE_TESTABILITY = YES;
				ENABLE_USER_SCRIPT_SANDBOXING = YES;
				GCC_C_LANGUAGE_STANDARD = gnu17;
				GCC_DYNAMIC_NO_PIC = NO;
				GCC_NO_COMMON_BLOCKS = YES;
				GCC_OPTIMIZATION_LEVEL = 0;
				GCC_PREPROCESSOR_DEFINITIONS = (
					"DEBUG=1",
					"$(inherited)",
				);
				GCC_WARN_64_TO_32_BIT_CONVERSION = YES;
				GCC_WARN_ABOUT_RETURN_TYPE = YES_ERROR;
				GCC_WARN_UNDECLARED_SELECTOR = YES;
				GCC_WARN_UNINITIALIZED_AUTOS = YES_AGGRESSIVE;
				GCC_WARN_UNUSED_FUNCTION = YES;
				GCC_WARN_UNUSED_VARIABLE = YES;
				LOCALIZATION_PREFERS_STRING_CATALOGS = YES;
				MTL_ENABLE_DEBUG_INFO = INCLUDE_SOURCE;
				MTL_FAST_MATH = YES;
				ONLY_ACTIVE_ARCH = YES;
				SWIFT_ACTIVE_COMPILATION_CONDITIONS = "DEBUG $(inherited)";
				SWIFT_OPTIMIZATION_LEVEL = "-Onone";
			};
			name = Debug;
		};
		8372DA653065F68900F97B11 /* Release configuration for PBXProject "Stride" */ = {
			isa = XCBuildConfiguration;
			buildSettings = {
				ALWAYS_SEARCH_USER_PATHS = NO;
				ASSETCATALOG_COMPILER_GENERATE_SWIFT_ASSET_SYMBOL_EXTENSIONS = YES;
				CLANG_ANALYZER_NONNULL = YES;
				CLANG_ANALYZER_NUMBER_OBJECT_CONVERSION = YES_AGGRESSIVE;
				CLANG_CXX_LANGUAGE_STANDARD = "gnu++20";
				CLANG_ENABLE_MODULES = YES;
				CLANG_ENABLE_OBJC_ARC = YES;
				CLANG_ENABLE_OBJC_WEAK = YES;
				CLANG_WARN_BLOCK_CAPTURE_AUTORELEASING = YES;
				CLANG_WARN_BOOL_CONVERSION = YES;
				CLANG_WARN_COMMA = YES;
				CLANG_WARN_CONSTANT_CONVERSION = YES;
				CLANG_WARN_DEPRECATED_OBJC_IMPLEMENTATIONS = YES;
				CLANG_WARN_DIRECT_OBJC_ISA_USAGE = YES_ERROR;
				CLANG_WARN_DOCUMENTATION_COMMENTS = YES;
				CLANG_WARN_EMPTY_BODY = YES;
				CLANG_WARN_ENUM_CONVERSION = YES;
				CLANG_WARN_INFINITE_RECURSION = YES;
				CLANG_WARN_INT_CONVERSION = YES;
				CLANG_WARN_NON_LITERAL_NULL_CONVERSION = YES;
				CLANG_WARN_OBJC_IMPLICIT_RETAIN_SELF = YES;
				CLANG_WARN_OBJC_LITERAL_CONVERSION = YES;
				CLANG_WARN_OBJC_ROOT_CLASS = YES_ERROR;
				CLANG_WARN_QUOTED_INCLUDE_IN_FRAMEWORK_HEADER = YES;
				CLANG_WARN_RANGE_LOOP_ANALYSIS = YES;
				CLANG_WARN_STRICT_PROTOTYPES = YES;
				CLANG_WARN_SUSPICIOUS_MOVE = YES;
				CLANG_WARN_UNGUARDED_AVAILABILITY = YES_AGGRESSIVE;
				CLANG_WARN_UNREACHABLE_CODE = YES;
				CLANG_WARN__DUPLICATE_METHOD_MATCH = YES;
				COPY_PHASE_STRIP = NO;
				DEBUG_INFORMATION_FORMAT = "dwarf-with-dsym";
				DEVELOPMENT_TEAM = 968FPR7Y35;
				ENABLE_NS_ASSERTIONS = NO;
				ENABLE_STRICT_OBJC_MSGSEND = YES;
				ENABLE_USER_SCRIPT_SANDBOXING = YES;
				GCC_C_LANGUAGE_STANDARD = gnu17;
				GCC_NO_COMMON_BLOCKS = YES;
				GCC_WARN_64_TO_32_BIT_CONVERSION = YES;
				GCC_WARN_ABOUT_RETURN_TYPE = YES_ERROR;
				GCC_WARN_UNDECLARED_SELECTOR = YES;
				GCC_WARN_UNINITIALIZED_AUTOS = YES_AGGRESSIVE;
				GCC_WARN_UNUSED_FUNCTION = YES;
				GCC_WARN_UNUSED_VARIABLE = YES;
				LOCALIZATION_PREFERS_STRING_CATALOGS = YES;
				MTL_ENABLE_DEBUG_INFO = NO;
				MTL_FAST_MATH = YES;
				SWIFT_COMPILATION_MODE = wholemodule;
			};
			name = Release;
		};
		8372DA673065F68900F97B11 /* Debug configuration for PBXNativeTarget "Stride" */ = {
			isa = XCBuildConfiguration;
			buildSettings = {
				ASSETCATALOG_COMPILER_APPICON_NAME = AppIcon;
				ASSETCATALOG_COMPILER_GLOBAL_ACCENT_COLOR_NAME = AccentColor;
				CODE_SIGN_ENTITLEMENTS = Config/Stride.entitlements;
				CODE_SIGN_STYLE = Automatic;
				CURRENT_PROJECT_VERSION = 1;
				DEVELOPMENT_TEAM = 968FPR7Y35;
				ENABLE_PREVIEWS = YES;
				GENERATE_INFOPLIST_FILE = YES;
				INFOPLIST_FILE = "Config/Stride-Info.plist";
				INFOPLIST_KEY_CFBundleDisplayName = Stride;
				INFOPLIST_KEY_UIApplicationSceneManifest_Generation = YES;
				INFOPLIST_KEY_UIApplicationSupportsIndirectInputEvents = YES;
				INFOPLIST_KEY_UILaunchScreen_Generation = YES;
				INFOPLIST_KEY_UIStatusBarStyle = UIStatusBarStyleDefault;
				INFOPLIST_KEY_UISupportedInterfaceOrientations_iPhone = UIInterfaceOrientationPortrait;
				IPHONEOS_DEPLOYMENT_TARGET = 18.0;
				LD_RUNPATH_SEARCH_PATHS = "@executable_path/Frameworks";
				MARKETING_VERSION = 1.0;
				PRODUCT_BUNDLE_IDENTIFIER = alexandrejunior.Stride;
				PRODUCT_NAME = "$(TARGET_NAME)";
				SDKROOT = iphoneos;
				STRING_CATALOG_GENERATE_SYMBOLS = YES;
				SUPPORTED_PLATFORMS = "iphoneos iphonesimulator";
				SUPPORTS_MACCATALYST = NO;
				SUPPORTS_MAC_DESIGNED_FOR_IPHONE_IPAD = NO;
				SUPPORTS_XR_DESIGNED_FOR_IPHONE_IPAD = NO;
				SWIFT_APPROACHABLE_CONCURRENCY = YES;
				SWIFT_DEFAULT_ACTOR_ISOLATION = MainActor;
				SWIFT_EMIT_LOC_STRINGS = YES;
				SWIFT_UPCOMING_FEATURE_MEMBER_IMPORT_VISIBILITY = YES;
				SWIFT_VERSION = 6.0;
				TARGETED_DEVICE_FAMILY = 1;
			};
			name = Debug;
		};
		8372DA683065F68900F97B11 /* Release configuration for PBXNativeTarget "Stride" */ = {
			isa = XCBuildConfiguration;
			buildSettings = {
				ASSETCATALOG_COMPILER_APPICON_NAME = AppIcon;
				ASSETCATALOG_COMPILER_GLOBAL_ACCENT_COLOR_NAME = AccentColor;
				CODE_SIGN_ENTITLEMENTS = Config/Stride.entitlements;
				CODE_SIGN_STYLE = Automatic;
				CURRENT_PROJECT_VERSION = 1;
				DEVELOPMENT_TEAM = 968FPR7Y35;
				ENABLE_PREVIEWS = YES;
				GENERATE_INFOPLIST_FILE = YES;
				INFOPLIST_FILE = "Config/Stride-Info.plist";
				INFOPLIST_KEY_CFBundleDisplayName = Stride;
				INFOPLIST_KEY_UIApplicationSceneManifest_Generation = YES;
				INFOPLIST_KEY_UIApplicationSupportsIndirectInputEvents = YES;
				INFOPLIST_KEY_UILaunchScreen_Generation = YES;
				INFOPLIST_KEY_UIStatusBarStyle = UIStatusBarStyleDefault;
				INFOPLIST_KEY_UISupportedInterfaceOrientations_iPhone = UIInterfaceOrientationPortrait;
				IPHONEOS_DEPLOYMENT_TARGET = 18.0;
				LD_RUNPATH_SEARCH_PATHS = "@executable_path/Frameworks";
				MARKETING_VERSION = 1.0;
				PRODUCT_BUNDLE_IDENTIFIER = alexandrejunior.Stride;
				PRODUCT_NAME = "$(TARGET_NAME)";
				SDKROOT = iphoneos;
				STRING_CATALOG_GENERATE_SYMBOLS = YES;
				SUPPORTED_PLATFORMS = "iphoneos iphonesimulator";
				SUPPORTS_MACCATALYST = NO;
				SUPPORTS_MAC_DESIGNED_FOR_IPHONE_IPAD = NO;
				SUPPORTS_XR_DESIGNED_FOR_IPHONE_IPAD = NO;
				SWIFT_APPROACHABLE_CONCURRENCY = YES;
				SWIFT_DEFAULT_ACTOR_ISOLATION = MainActor;
				SWIFT_EMIT_LOC_STRINGS = YES;
				SWIFT_UPCOMING_FEATURE_MEMBER_IMPORT_VISIBILITY = YES;
				SWIFT_VERSION = 6.0;
				TARGETED_DEVICE_FAMILY = 1;
			};
			name = Release;
		};
		8372DA793065F74800F97B11 /* Debug configuration for PBXNativeTarget "StrideWatch" */ = {
			isa = XCBuildConfiguration;
			buildSettings = {
				ASSETCATALOG_COMPILER_APPICON_NAME = AppIcon;
				ASSETCATALOG_COMPILER_GLOBAL_ACCENT_COLOR_NAME = AccentColor;
				CODE_SIGN_ENTITLEMENTS = Config/StrideWatch.entitlements;
				CODE_SIGN_STYLE = Automatic;
				CURRENT_PROJECT_VERSION = 1;
				DEVELOPMENT_TEAM = 968FPR7Y35;
				ENABLE_PREVIEWS = YES;
				GENERATE_INFOPLIST_FILE = YES;
				INFOPLIST_FILE = "Config/StrideWatch-Info.plist";
				INFOPLIST_KEY_CFBundleDisplayName = Stride;
				INFOPLIST_KEY_UISupportedInterfaceOrientations = UIInterfaceOrientationPortrait;
				INFOPLIST_KEY_WKCompanionAppBundleIdentifier = alexandrejunior.Stride;
				LD_RUNPATH_SEARCH_PATHS = (
					"$(inherited)",
					"@executable_path/Frameworks",
				);
				MARKETING_VERSION = 1.0;
				PRODUCT_BUNDLE_IDENTIFIER = alexandrejunior.Stride.watchkitapp;
				PRODUCT_NAME = "$(TARGET_NAME)";
				SDKROOT = watchos;
				SKIP_INSTALL = YES;
				STRING_CATALOG_GENERATE_SYMBOLS = YES;
				SWIFT_APPROACHABLE_CONCURRENCY = YES;
				SWIFT_DEFAULT_ACTOR_ISOLATION = MainActor;
				SWIFT_EMIT_LOC_STRINGS = YES;
				SWIFT_UPCOMING_FEATURE_MEMBER_IMPORT_VISIBILITY = YES;
				SWIFT_VERSION = 6.0;
				TARGETED_DEVICE_FAMILY = 4;
				WATCHOS_DEPLOYMENT_TARGET = 11.0;
			};
			name = Debug;
		};
		8372DA7A3065F74800F97B11 /* Release configuration for PBXNativeTarget "StrideWatch" */ = {
			isa = XCBuildConfiguration;
			buildSettings = {
				ASSETCATALOG_COMPILER_APPICON_NAME = AppIcon;
				ASSETCATALOG_COMPILER_GLOBAL_ACCENT_COLOR_NAME = AccentColor;
				CODE_SIGN_ENTITLEMENTS = Config/StrideWatch.entitlements;
				CODE_SIGN_STYLE = Automatic;
				CURRENT_PROJECT_VERSION = 1;
				DEVELOPMENT_TEAM = 968FPR7Y35;
				ENABLE_PREVIEWS = YES;
				GENERATE_INFOPLIST_FILE = YES;
				INFOPLIST_FILE = "Config/StrideWatch-Info.plist";
				INFOPLIST_KEY_CFBundleDisplayName = Stride;
				INFOPLIST_KEY_UISupportedInterfaceOrientations = UIInterfaceOrientationPortrait;
				INFOPLIST_KEY_WKCompanionAppBundleIdentifier = alexandrejunior.Stride;
				LD_RUNPATH_SEARCH_PATHS = (
					"$(inherited)",
					"@executable_path/Frameworks",
				);
				MARKETING_VERSION = 1.0;
				PRODUCT_BUNDLE_IDENTIFIER = alexandrejunior.Stride.watchkitapp;
				PRODUCT_NAME = "$(TARGET_NAME)";
				SDKROOT = watchos;
				SKIP_INSTALL = YES;
				STRING_CATALOG_GENERATE_SYMBOLS = YES;
				SWIFT_APPROACHABLE_CONCURRENCY = YES;
				SWIFT_DEFAULT_ACTOR_ISOLATION = MainActor;
				SWIFT_EMIT_LOC_STRINGS = YES;
				SWIFT_UPCOMING_FEATURE_MEMBER_IMPORT_VISIBILITY = YES;
				SWIFT_VERSION = 6.0;
				TARGETED_DEVICE_FAMILY = 4;
				VALIDATE_PRODUCT = YES;
				WATCHOS_DEPLOYMENT_TARGET = 11.0;
			};
			name = Release;
		};
/* End XCBuildConfiguration section */

/* Begin XCConfigurationList section */
		8372DA563065F68700F97B11 /* Build configuration list for PBXProject "Stride" */ = {
			isa = XCConfigurationList;
			buildConfigurations = (
				8372DA643065F68900F97B11 /* Debug configuration for PBXProject "Stride" */,
				8372DA653065F68900F97B11 /* Release configuration for PBXProject "Stride" */,
			);
			defaultConfigurationName = Release;
		};
		8372DA663065F68900F97B11 /* Build configuration list for PBXNativeTarget "Stride" */ = {
			isa = XCConfigurationList;
			buildConfigurations = (
				8372DA673065F68900F97B11 /* Debug configuration for PBXNativeTarget "Stride" */,
				8372DA683065F68900F97B11 /* Release configuration for PBXNativeTarget "Stride" */,
			);
			defaultConfigurationName = Release;
		};
		8372DA783065F74800F97B11 /* Build configuration list for PBXNativeTarget "StrideWatch" */ = {
			isa = XCConfigurationList;
			buildConfigurations = (
				8372DA793065F74800F97B11 /* Debug configuration for PBXNativeTarget "StrideWatch" */,
				8372DA7A3065F74800F97B11 /* Release configuration for PBXNativeTarget "StrideWatch" */,
			);
			defaultConfigurationName = Release;
		};
/* End XCConfigurationList section */

/* Begin XCLocalSwiftPackageReference section */
		5D1DE0000000000000000001 /* XCLocalSwiftPackageReference "../StrideKit" */ = {
			isa = XCLocalSwiftPackageReference;
			relativePath = ../StrideKit;
		};
/* End XCLocalSwiftPackageReference section */

/* Begin XCSwiftPackageProductDependency section */
		5D1DE0000000000000000002 /* StrideKit */ = {
			isa = XCSwiftPackageProductDependency;
			package = 5D1DE0000000000000000001 /* XCLocalSwiftPackageReference "../StrideKit" */;
			productName = StrideKit;
		};
		5D1DE0000000000000000003 /* StrideUI */ = {
			isa = XCSwiftPackageProductDependency;
			package = 5D1DE0000000000000000001 /* XCLocalSwiftPackageReference "../StrideKit" */;
			productName = StrideUI;
		};
		5D1DE0000000000000000004 /* StrideKit */ = {
			isa = XCSwiftPackageProductDependency;
			package = 5D1DE0000000000000000001 /* XCLocalSwiftPackageReference "../StrideKit" */;
			productName = StrideKit;
		};
		5D1DE0000000000000000005 /* StrideUI */ = {
			isa = XCSwiftPackageProductDependency;
			package = 5D1DE0000000000000000001 /* XCLocalSwiftPackageReference "../StrideKit" */;
			productName = StrideUI;
		};
/* End XCSwiftPackageProductDependency section */
	};
	rootObject = 8372DA533065F68700F97B11 /* Project object */;
	validationLevel = 1;
}
